
Microsoft Visual Studio Solution File, Format Version 12.00
# Visual Studio Version 17
VisualStudioVersion = 17.3.32929.385
MinimumVisualStudioVersion = 10.0.40219.1
Project("{9A19103F-16F7-4668-BE54-9A1E7A4F7556}") = "Labb2", "Labb2\Labb2.csproj", "{9F596A14-03C2-408A-9A3D-4277C77F483F}"
EndProject
Project("{FAE04EC0-301F-11D3-BF4B-00C04F79EFBC}") = "ClassLibrary", "ClassLibrary\ClassLibrary.csproj", "{19936E9C-C63A-47BC-B261-F38AB2337E77}"
EndProject
Global
	GlobalSection(SolutionConfigurationPlatforms) = preSolution
		Debug|Any CPU = Debug|Any CPU
		Release|Any CPU = Release|Any CPU
	EndGlobalSection
	GlobalSection(ProjectConfigurationPlatforms) = postSolution
		{9F596A14-03C2-408A-9A3D-4277C77F483F}.Debug|Any CPU.ActiveCfg = Debug|Any CPU
		{9F596A14-03C2-408A-9A3D-4277C77F483F}.Debug|Any CPU.Build.0 = Debug|Any CPU
		{9F596A14-03C2-408A-9A3D-4277C77F483F}.Release|Any CPU.ActiveCfg = Release|Any CPU
		{9F596A14-03C2-408A-9A3D-4277C77F483F}.Release|Any CPU.Build.0 = Release|Any CPU
		{19936E9C-C63A-47BC-B261-F38AB2337E77}.Debug|Any CPU.ActiveCfg = Debug|Any CPU
		{19936E9C-C63A-47BC-B261-F38AB2337E77}.Debug|Any CPU.Build.0 = Debug|Any CPU
		{19936E9C-C63A-47BC-B261-F38AB2337E77}.Release|Any CPU.ActiveCfg = Release|Any CPU
		{19936E9C-C63A-47BC-B261-F38AB2337E77}.Release|Any CPU.Build.0 = Release|Any CPU
	EndGlobalSection
	GlobalSection(SolutionProperties) = preSolution
		HideSolutionNode = FALSE
	EndGlobalSection
	GlobalSection(ExtensibilityGlobals) = postSolution
		SolutionGuid = {44D33033-3FA0-41CE-B12B-EEEF7122F2A1}
	EndGlobalSection
EndGlobal
